
Microsoft Visual Studio Solution File, Format Version 12.00
# Visual Studio Version 17
VisualStudioVersion = 17.5.33530.505
MinimumVisualStudioVersion = 10.0.40219.1
Project("{FAE04EC0-301F-11D3-BF4B-00C04F79EFBC}") = "ЛАБА5", "ЛАБА5\ЛАБА5.csproj", "{A7685D54-06A5-43A3-952E-A8A9E4202701}"
EndProject
Global
	GlobalSection(SolutionConfigurationPlatforms) = preSolution
		Debug|Any CPU = Debug|Any CPU
		Release|Any CPU = Release|Any CPU
	EndGlobalSection
	GlobalSection(ProjectConfigurationPlatforms) = postSolution
		{A7685D54-06A5-43A3-952E-A8A9E4202701}.Debug|Any CPU.ActiveCfg = Debug|Any CPU
		{A7685D54-06A5-43A3-952E-A8A9E4202701}.Debug|Any CPU.Build.0 = Debug|Any CPU
		{A7685D54-06A5-43A3-952E-A8A9E4202701}.Release|Any CPU.ActiveCfg = Release|Any CPU
		{A7685D54-06A5-43A3-952E-A8A9E4202701}.Release|Any CPU.Build.0 = Release|Any CPU
	EndGlobalSection
	GlobalSection(SolutionProperties) = preSolution
		HideSolutionNode = FALSE
	EndGlobalSection
	GlobalSection(ExtensibilityGlobals) = postSolution
		SolutionGuid = {D03C259E-66E6-4774-A9A2-D18BAB609BAE}
	EndGlobalSection
EndGlobal
